<?xml version="1.0" encoding="utf-8"?>
<Project ToolsVersion="17.0" xmlns="http://schemas.microsoft.com/developer/msbuild/2003">
  <ItemGroup>
    <ClCompile Include="D:\! HPC\KataGo (original)\cpp\core\global.cpp">
      <Filter>Source Files</Filter>
    </ClCompile>
    <ClCompile Include="D:\! HPC\KataGo (original)\cpp\core\base64.cpp">
      <Filter>Source Files</Filter>
    </ClCompile>
    <ClCompile Include="D:\! HPC\KataGo (original)\cpp\core\bsearch.cpp">
      <Filter>Source Files</Filter>
    </ClCompile>
    <ClCompile Include="D:\! HPC\KataGo (original)\cpp\core\commandloop.cpp">
      <Filter>Source Files</Filter>
    </ClCompile>
    <ClCompile Include="D:\! HPC\KataGo (original)\cpp\core\config_parser.cpp">
      <Filter>Source Files</Filter>
    </ClCompile>
    <ClCompile Include="D:\! HPC\KataGo (original)\cpp\core\datetime.cpp">
      <Filter>Source Files</Filter>
    </ClCompile>
    <ClCompile Include="D:\! HPC\KataGo (original)\cpp\core\elo.cpp">
      <Filter>Source Files</Filter>
    </ClCompile>
    <ClCompile Include="D:\! HPC\KataGo (original)\cpp\core\fancymath.cpp">
      <Filter>Source Files</Filter>
    </ClCompile>
    <ClCompile Include="D:\! HPC\KataGo (original)\cpp\core\fileutils.cpp">
      <Filter>Source Files</Filter>
    </ClCompile>
    <ClCompile Include="D:\! HPC\KataGo (original)\cpp\core\hash.cpp">
      <Filter>Source Files</Filter>
    </ClCompile>
    <ClCompile Include="D:\! HPC\KataGo (original)\cpp\core\logger.cpp">
      <Filter>Source Files</Filter>
    </ClCompile>
    <ClCompile Include="D:\! HPC\KataGo (original)\cpp\core\mainargs.cpp">
      <Filter>Source Files</Filter>
    </ClCompile>
    <ClCompile Include="D:\! HPC\KataGo (original)\cpp\core\makedir.cpp">
      <Filter>Source Files</Filter>
    </ClCompile>
    <ClCompile Include="D:\! HPC\KataGo (original)\cpp\core\md5.cpp">
      <Filter>Source Files</Filter>
    </ClCompile>
    <ClCompile Include="D:\! HPC\KataGo (original)\cpp\core\multithread.cpp">
      <Filter>Source Files</Filter>
    </ClCompile>
    <ClCompile Include="D:\! HPC\KataGo (original)\cpp\core\rand.cpp">
      <Filter>Source Files</Filter>
    </ClCompile>
    <ClCompile Include="D:\! HPC\KataGo (original)\cpp\core\rand_helpers.cpp">
      <Filter>Source Files</Filter>
    </ClCompile>
    <ClCompile Include="D:\! HPC\KataGo (original)\cpp\core\sha2.cpp">
      <Filter>Source Files</Filter>
    </ClCompile>
    <ClCompile Include="D:\! HPC\KataGo (original)\cpp\core\test.cpp">
      <Filter>Source Files</Filter>
    </ClCompile>
    <ClCompile Include="D:\! HPC\KataGo (original)\cpp\core\threadsafecounter.cpp">
      <Filter>Source Files</Filter>
    </ClCompile>
    <ClCompile Include="D:\! HPC\KataGo (original)\cpp\core\threadsafequeue.cpp">
      <Filter>Source Files</Filter>
    </ClCompile>
    <ClCompile Include="D:\! HPC\KataGo (original)\cpp\core\threadtest.cpp">
      <Filter>Source Files</Filter>
    </ClCompile>
    <ClCompile Include="D:\! HPC\KataGo (original)\cpp\core\timer.cpp">
      <Filter>Source Files</Filter>
    </ClCompile>
    <ClCompile Include="D:\! HPC\KataGo (original)\cpp\game\board.cpp">
      <Filter>Source Files</Filter>
    </ClCompile>
    <ClCompile Include="D:\! HPC\KataGo (original)\cpp\game\rules.cpp">
      <Filter>Source Files</Filter>
    </ClCompile>
    <ClCompile Include="D:\! HPC\KataGo (original)\cpp\game\boardhistory.cpp">
      <Filter>Source Files</Filter>
    </ClCompile>
    <ClCompile Include="D:\! HPC\KataGo (original)\cpp\game\graphhash.cpp">
      <Filter>Source Files</Filter>
    </ClCompile>
    <ClCompile Include="D:\! HPC\KataGo (original)\cpp\dataio\sgf.cpp">
      <Filter>Source Files</Filter>
    </ClCompile>
    <ClCompile Include="D:\! HPC\KataGo (original)\cpp\dataio\numpywrite.cpp">
      <Filter>Source Files</Filter>
    </ClCompile>
    <ClCompile Include="D:\! HPC\KataGo (original)\cpp\dataio\poswriter.cpp">
      <Filter>Source Files</Filter>
    </ClCompile>
    <ClCompile Include="D:\! HPC\KataGo (original)\cpp\dataio\trainingwrite.cpp">
      <Filter>Source Files</Filter>
    </ClCompile>
    <ClCompile Include="D:\! HPC\KataGo (original)\cpp\dataio\loadmodel.cpp">
      <Filter>Source Files</Filter>
    </ClCompile>
    <ClCompile Include="D:\! HPC\KataGo (original)\cpp\dataio\homedata.cpp">
      <Filter>Source Files</Filter>
    </ClCompile>
    <ClCompile Include="D:\! HPC\KataGo (original)\cpp\dataio\files.cpp">
      <Filter>Source Files</Filter>
    </ClCompile>
    <ClCompile Include="D:\! HPC\KataGo (original)\cpp\neuralnet\nninputs.cpp">
      <Filter>Source Files</Filter>
    </ClCompile>
    <ClCompile Include="D:\! HPC\KataGo (original)\cpp\neuralnet\modelversion.cpp">
      <Filter>Source Files</Filter>
    </ClCompile>
    <ClCompile Include="D:\! HPC\KataGo (original)\cpp\neuralnet\nneval.cpp">
      <Filter>Source Files</Filter>
    </ClCompile>
    <ClCompile Include="D:\! HPC\KataGo (original)\cpp\neuralnet\desc.cpp">
      <Filter>Source Files</Filter>
    </ClCompile>
    <ClCompile Include="D:\! HPC\KataGo (original)\cpp\neuralnet\cudabackend.cpp">
      <Filter>Source Files</Filter>
    </ClCompile>
    <ClCompile Include="D:\! HPC\KataGo (original)\cpp\neuralnet\cudautils.cpp">
      <Filter>Source Files</Filter>
    </ClCompile>
    <ClCompile Include="D:\! HPC\KataGo (original)\cpp\book\book.cpp">
      <Filter>Source Files</Filter>
    </ClCompile>
    <ClCompile Include="D:\! HPC\KataGo (original)\cpp\book\bookcssjs.cpp">
      <Filter>Source Files</Filter>
    </ClCompile>
    <ClCompile Include="D:\! HPC\KataGo (original)\cpp\search\timecontrols.cpp">
      <Filter>Source Files</Filter>
    </ClCompile>
    <ClCompile Include="D:\! HPC\KataGo (original)\cpp\search\searchparams.cpp">
      <Filter>Source Files</Filter>
    </ClCompile>
    <ClCompile Include="D:\! HPC\KataGo (original)\cpp\search\mutexpool.cpp">
      <Filter>Source Files</Filter>
    </ClCompile>
    <ClCompile Include="D:\! HPC\KataGo (original)\cpp\search\search.cpp">
      <Filter>Source Files</Filter>
    </ClCompile>
    <ClCompile Include="D:\! HPC\KataGo (original)\cpp\search\searchnode.cpp">
      <Filter>Source Files</Filter>
    </ClCompile>
    <ClCompile Include="D:\! HPC\KataGo (original)\cpp\search\searchresults.cpp">
      <Filter>Source Files</Filter>
    </ClCompile>
    <ClCompile Include="D:\! HPC\KataGo (original)\cpp\search\searchhelpers.cpp">
      <Filter>Source Files</Filter>
    </ClCompile>
    <ClCompile Include="D:\! HPC\KataGo (original)\cpp\search\searchexplorehelpers.cpp">
      <Filter>Source Files</Filter>
    </ClCompile>
    <ClCompile Include="D:\! HPC\KataGo (original)\cpp\search\searchmirror.cpp">
      <Filter>Source Files</Filter>
    </ClCompile>
    <ClCompile Include="D:\! HPC\KataGo (original)\cpp\search\searchmultithreadhelpers.cpp">
      <Filter>Source Files</Filter>
    </ClCompile>
    <ClCompile Include="D:\! HPC\KataGo (original)\cpp\search\searchnnhelpers.cpp">
      <Filter>Source Files</Filter>
    </ClCompile>
    <ClCompile Include="D:\! HPC\KataGo (original)\cpp\search\searchtimehelpers.cpp">
      <Filter>Source Files</Filter>
    </ClCompile>
    <ClCompile Include="D:\! HPC\KataGo (original)\cpp\search\searchupdatehelpers.cpp">
      <Filter>Source Files</Filter>
    </ClCompile>
    <ClCompile Include="D:\! HPC\KataGo (original)\cpp\search\asyncbot.cpp">
      <Filter>Source Files</Filter>
    </ClCompile>
    <ClCompile Include="D:\! HPC\KataGo (original)\cpp\search\distributiontable.cpp">
      <Filter>Source Files</Filter>
    </ClCompile>
    <ClCompile Include="D:\! HPC\KataGo (original)\cpp\search\localpattern.cpp">
      <Filter>Source Files</Filter>
    </ClCompile>
    <ClCompile Include="D:\! HPC\KataGo (original)\cpp\search\searchnodetable.cpp">
      <Filter>Source Files</Filter>
    </ClCompile>
    <ClCompile Include="D:\! HPC\KataGo (original)\cpp\search\subtreevaluebiastable.cpp">
      <Filter>Source Files</Filter>
    </ClCompile>
    <ClCompile Include="D:\! HPC\KataGo (original)\cpp\search\patternbonustable.cpp">
      <Filter>Source Files</Filter>
    </ClCompile>
    <ClCompile Include="D:\! HPC\KataGo (original)\cpp\search\analysisdata.cpp">
      <Filter>Source Files</Filter>
    </ClCompile>
    <ClCompile Include="D:\! HPC\KataGo (original)\cpp\search\reportedsearchvalues.cpp">
      <Filter>Source Files</Filter>
    </ClCompile>
    <ClCompile Include="D:\! HPC\KataGo (original)\cpp\program\gtpconfig.cpp">
      <Filter>Source Files</Filter>
    </ClCompile>
    <ClCompile Include="D:\! HPC\KataGo (original)\cpp\program\setup.cpp">
      <Filter>Source Files</Filter>
    </ClCompile>
    <ClCompile Include="D:\! HPC\KataGo (original)\cpp\program\playutils.cpp">
      <Filter>Source Files</Filter>
    </ClCompile>
    <ClCompile Include="D:\! HPC\KataGo (original)\cpp\program\playsettings.cpp">
      <Filter>Source Files</Filter>
    </ClCompile>
    <ClCompile Include="D:\! HPC\KataGo (original)\cpp\program\play.cpp">
      <Filter>Source Files</Filter>
    </ClCompile>
    <ClCompile Include="D:\! HPC\KataGo (original)\cpp\program\selfplaymanager.cpp">
      <Filter>Source Files</Filter>
    </ClCompile>
    <ClCompile Include="D:\! HPC\KataGo (original)\cpp\tests\testboardarea.cpp">
      <Filter>Source Files</Filter>
    </ClCompile>
    <ClCompile Include="D:\! HPC\KataGo (original)\cpp\tests\testboardbasic.cpp">
      <Filter>Source Files</Filter>
    </ClCompile>
    <ClCompile Include="D:\! HPC\KataGo (original)\cpp\tests\testbook.cpp">
      <Filter>Source Files</Filter>
    </ClCompile>
    <ClCompile Include="D:\! HPC\KataGo (original)\cpp\tests\testcommon.cpp">
      <Filter>Source Files</Filter>
    </ClCompile>
    <ClCompile Include="D:\! HPC\KataGo (original)\cpp\tests\testconfig.cpp">
      <Filter>Source Files</Filter>
    </ClCompile>
    <ClCompile Include="D:\! HPC\KataGo (original)\cpp\tests\testmisc.cpp">
      <Filter>Source Files</Filter>
    </ClCompile>
    <ClCompile Include="D:\! HPC\KataGo (original)\cpp\tests\testnnevalcanary.cpp">
      <Filter>Source Files</Filter>
    </ClCompile>
    <ClCompile Include="D:\! HPC\KataGo (original)\cpp\tests\testrules.cpp">
      <Filter>Source Files</Filter>
    </ClCompile>
    <ClCompile Include="D:\! HPC\KataGo (original)\cpp\tests\testscore.cpp">
      <Filter>Source Files</Filter>
    </ClCompile>
    <ClCompile Include="D:\! HPC\KataGo (original)\cpp\tests\testsgf.cpp">
      <Filter>Source Files</Filter>
    </ClCompile>
    <ClCompile Include="D:\! HPC\KataGo (original)\cpp\tests\testsymmetries.cpp">
      <Filter>Source Files</Filter>
    </ClCompile>
    <ClCompile Include="D:\! HPC\KataGo (original)\cpp\tests\testnninputs.cpp">
      <Filter>Source Files</Filter>
    </ClCompile>
    <ClCompile Include="D:\! HPC\KataGo (original)\cpp\tests\testownership.cpp">
      <Filter>Source Files</Filter>
    </ClCompile>
    <ClCompile Include="D:\! HPC\KataGo (original)\cpp\tests\testsearchcommon.cpp">
      <Filter>Source Files</Filter>
    </ClCompile>
    <ClCompile Include="D:\! HPC\KataGo (original)\cpp\tests\testsearchnonn.cpp">
      <Filter>Source Files</Filter>
    </ClCompile>
    <ClCompile Include="D:\! HPC\KataGo (original)\cpp\tests\testsearch.cpp">
      <Filter>Source Files</Filter>
    </ClCompile>
    <ClCompile Include="D:\! HPC\KataGo (original)\cpp\tests\testsearchv3.cpp">
      <Filter>Source Files</Filter>
    </ClCompile>
    <ClCompile Include="D:\! HPC\KataGo (original)\cpp\tests\testsearchv8.cpp">
      <Filter>Source Files</Filter>
    </ClCompile>
    <ClCompile Include="D:\! HPC\KataGo (original)\cpp\tests\testsearchv9.cpp">
      <Filter>Source Files</Filter>
    </ClCompile>
    <ClCompile Include="D:\! HPC\KataGo (original)\cpp\tests\testsearchmisc.cpp">
      <Filter>Source Files</Filter>
    </ClCompile>
    <ClCompile Include="D:\! HPC\KataGo (original)\cpp\tests\testtime.cpp">
      <Filter>Source Files</Filter>
    </ClCompile>
    <ClCompile Include="D:\! HPC\KataGo (original)\cpp\tests\testtrainingwrite.cpp">
      <Filter>Source Files</Filter>
    </ClCompile>
    <ClCompile Include="D:\! HPC\KataGo (original)\cpp\tests\testnn.cpp">
      <Filter>Source Files</Filter>
    </ClCompile>
    <ClCompile Include="D:\! HPC\KataGo (original)\cpp\tests\tinymodel.cpp">
      <Filter>Source Files</Filter>
    </ClCompile>
    <ClCompile Include="D:\! HPC\KataGo (original)\cpp\tests\tinymodeldata.cpp">
      <Filter>Source Files</Filter>
    </ClCompile>
    <ClCompile Include="D:\! HPC\KataGo (original)\cpp\distributed\client.cpp">
      <Filter>Source Files</Filter>
    </ClCompile>
    <ClCompile Include="D:\! HPC\KataGo (original)\cpp\command\commandline.cpp">
      <Filter>Source Files</Filter>
    </ClCompile>
    <ClCompile Include="D:\! HPC\KataGo (original)\cpp\command\analysis.cpp">
      <Filter>Source Files</Filter>
    </ClCompile>
    <ClCompile Include="D:\! HPC\KataGo (original)\cpp\command\benchmark.cpp">
      <Filter>Source Files</Filter>
    </ClCompile>
    <ClCompile Include="D:\! HPC\KataGo (original)\cpp\command\contribute.cpp">
      <Filter>Source Files</Filter>
    </ClCompile>
    <ClCompile Include="D:\! HPC\KataGo (original)\cpp\command\evalsgf.cpp">
      <Filter>Source Files</Filter>
    </ClCompile>
    <ClCompile Include="D:\! HPC\KataGo (original)\cpp\command\gatekeeper.cpp">
      <Filter>Source Files</Filter>
    </ClCompile>
    <ClCompile Include="D:\! HPC\KataGo (original)\cpp\command\genbook.cpp">
      <Filter>Source Files</Filter>
    </ClCompile>
    <ClCompile Include="D:\! HPC\KataGo (original)\cpp\command\gputest.cpp">
      <Filter>Source Files</Filter>
    </ClCompile>
    <ClCompile Include="D:\! HPC\KataGo (original)\cpp\command\gtp.cpp">
      <Filter>Source Files</Filter>
    </ClCompile>
    <ClCompile Include="D:\! HPC\KataGo (original)\cpp\command\match.cpp">
      <Filter>Source Files</Filter>
    </ClCompile>
    <ClCompile Include="D:\! HPC\KataGo (original)\cpp\command\matchauto.cpp">
      <Filter>Source Files</Filter>
    </ClCompile>
    <ClCompile Include="D:\! HPC\KataGo (original)\cpp\command\misc.cpp">
      <Filter>Source Files</Filter>
    </ClCompile>
    <ClCompile Include="D:\! HPC\KataGo (original)\cpp\command\runtests.cpp">
      <Filter>Source Files</Filter>
    </ClCompile>
    <ClCompile Include="D:\! HPC\KataGo (original)\cpp\command\sandbox.cpp">
      <Filter>Source Files</Filter>
    </ClCompile>
    <ClCompile Include="D:\! HPC\KataGo (original)\cpp\command\selfplay.cpp">
      <Filter>Source Files</Filter>
    </ClCompile>
    <ClCompile Include="D:\! HPC\KataGo (original)\cpp\command\tune.cpp">
      <Filter>Source Files</Filter>
    </ClCompile>
    <ClCompile Include="D:\! HPC\KataGo (original)\cpp\main.cpp">
      <Filter>Source Files</Filter>
    </ClCompile>
    <ClCompile Include="distributed\clienttask.cpp" />
    <ClCompile Include="neuralnet\eigenbackend.cpp" />
    <ClCompile Include="neuralnet\openclbackend.cpp" />
    <ClCompile Include="neuralnet\openclhelpers.cpp" />
    <ClCompile Include="neuralnet\openclkernels.cpp" />
    <ClCompile Include="neuralnet\opencltuner.cpp" />
    <ClCompile Include="neuralnet\trtbackend.cpp" />
    <ClCompile Include="search\searchprint.cpp" />
    <ClCompile Include="search\searchpuct.cpp" />
  </ItemGroup>
  <ItemGroup>
    <CudaCompile Include="neuralnet\cudahelpers.cu">
      <Filter>Source Files</Filter>
    </CudaCompile>
  </ItemGroup>
  <ItemGroup>
    <CustomBuild Include="D:\! HPC\KataGo (original)\cpp\CMakeLists.txt" />
  </ItemGroup>
  <ItemGroup>
    <Filter Include="Source Files">
      <UniqueIdentifier>{7FCC3CE4-C9CB-3BB3-ACC8-FCF4D948714D}</UniqueIdentifier>
    </Filter>
  </ItemGroup>
  <ItemGroup>
    <ClInclude Include="book\book.h" />
    <ClInclude Include="command\commandline.h" />
    <ClInclude Include="core\base64.h" />
    <ClInclude Include="core\bsearch.h" />
    <ClInclude Include="core\commandloop.h" />
    <ClInclude Include="core\commontypes.h" />
    <ClInclude Include="core\config_parser.h" />
    <ClInclude Include="core\datetime.h" />
    <ClInclude Include="core\elo.h" />
    <ClInclude Include="core\fancymath.h" />
    <ClInclude Include="core\fileutils.h" />
    <ClInclude Include="core\global.h" />
    <ClInclude Include="core\hash.h" />
    <ClInclude Include="core\logger.h" />
    <ClInclude Include="core\mainargs.h" />
    <ClInclude Include="core\makedir.h" />
    <ClInclude Include="core\md5.h" />
    <ClInclude Include="core\multithread.h" />
    <ClInclude Include="core\os.h" />
    <ClInclude Include="core\prioritymutex.h" />
    <ClInclude Include="core\rand.h" />
    <ClInclude Include="core\rand_helpers.h" />
    <ClInclude Include="core\sha2.h" />
    <ClInclude Include="core\simpleallocator.h" />
    <ClInclude Include="core\test.h" />
    <ClInclude Include="core\threadsafecounter.h" />
    <ClInclude Include="core\threadsafequeue.h" />
    <ClInclude Include="core\threadtest.h" />
    <ClInclude Include="core\throttle.h" />
    <ClInclude Include="core\timer.h" />
    <ClInclude Include="core\using.h" />
    <ClInclude Include="dataio\files.h" />
    <ClInclude Include="dataio\homedata.h" />
    <ClInclude Include="dataio\loadmodel.h" />
    <ClInclude Include="dataio\numpywrite.h" />
    <ClInclude Include="dataio\poswriter.h" />
    <ClInclude Include="dataio\sgf.h" />
    <ClInclude Include="dataio\trainingwrite.h" />
    <ClInclude Include="distributed\client.h" />
    <ClInclude Include="distributed\httplib_wrapper.h" />
    <ClInclude Include="external\filesystem-1.5.8\include\ghc\filesystem.hpp" />
    <ClInclude Include="external\half-2.2.0\include\half.hpp" />
    <ClInclude Include="external\httplib\httplib.h" />
    <ClInclude Include="external\nlohmann_json\json.hpp" />
    <ClInclude Include="external\tclap-1.2.2\include\tclap\Arg.h" />
    <ClInclude Include="external\tclap-1.2.2\include\tclap\ArgException.h" />
    <ClInclude Include="external\tclap-1.2.2\include\tclap\ArgTraits.h" />
    <ClInclude Include="external\tclap-1.2.2\include\tclap\CmdLine.h" />
    <ClInclude Include="external\tclap-1.2.2\include\tclap\CmdLineInterface.h" />
    <ClInclude Include="external\tclap-1.2.2\include\tclap\CmdLineOutput.h" />
    <ClInclude Include="external\tclap-1.2.2\include\tclap\Constraint.h" />
    <ClInclude Include="external\tclap-1.2.2\include\tclap\DocBookOutput.h" />
    <ClInclude Include="external\tclap-1.2.2\include\tclap\HelpVisitor.h" />
    <ClInclude Include="external\tclap-1.2.2\include\tclap\IgnoreRestVisitor.h" />
    <ClInclude Include="external\tclap-1.2.2\include\tclap\MultiArg.h" />
    <ClInclude Include="external\tclap-1.2.2\include\tclap\MultiSwitchArg.h" />
    <ClInclude Include="external\tclap-1.2.2\include\tclap\OptionalUnlabeledTracker.h" />
    <ClInclude Include="external\tclap-1.2.2\include\tclap\sstream.h" />
    <ClInclude Include="external\tclap-1.2.2\include\tclap\StandardTraits.h" />
    <ClInclude Include="external\tclap-1.2.2\include\tclap\StdOutput.h" />
    <ClInclude Include="external\tclap-1.2.2\include\tclap\SwitchArg.h" />
    <ClInclude Include="external\tclap-1.2.2\include\tclap\UnlabeledMultiArg.h" />
    <ClInclude Include="external\tclap-1.2.2\include\tclap\UnlabeledValueArg.h" />
    <ClInclude Include="external\tclap-1.2.2\include\tclap\ValueArg.h" />
    <ClInclude Include="external\tclap-1.2.2\include\tclap\ValuesConstraint.h" />
    <ClInclude Include="external\tclap-1.2.2\include\tclap\VersionVisitor.h" />
    <ClInclude Include="external\tclap-1.2.2\include\tclap\Visitor.h" />
    <ClInclude Include="external\tclap-1.2.2\include\tclap\XorHandler.h" />
    <ClInclude Include="external\tclap-1.2.2\include\tclap\ZshCompletionOutput.h" />
    <ClInclude Include="game\board.h" />
    <ClInclude Include="game\boardhistory.h" />
    <ClInclude Include="game\graphhash.h" />
    <ClInclude Include="game\rules.h" />
    <ClInclude Include="neuralnet\activations.h" />
    <ClInclude Include="neuralnet\cudaerrorcheck.h" />
    <ClInclude Include="neuralnet\cudahelpers.h" />
    <ClInclude Include="neuralnet\cudaincludes.h" />
    <ClInclude Include="neuralnet\cudautils.h" />
    <ClInclude Include="neuralnet\desc.h" />
    <ClInclude Include="neuralnet\modelversion.h" />
    <ClInclude Include="neuralnet\nneval.h" />
    <ClInclude Include="neuralnet\nninputs.h" />
    <ClInclude Include="neuralnet\nninterface.h" />
    <ClInclude Include="neuralnet\openclhelpers.h" />
    <ClInclude Include="neuralnet\openclincludes.h" />
    <ClInclude Include="neuralnet\openclkernels.h" />
    <ClInclude Include="neuralnet\opencltuner.h" />
    <ClInclude Include="program\gitinfotemplate.h" />
    <ClInclude Include="program\gtpconfig.h" />
    <ClInclude Include="program\play.h" />
    <ClInclude Include="program\playsettings.h" />
    <ClInclude Include="program\playutils.h" />
    <ClInclude Include="program\selfplaymanager.h" />
    <ClInclude Include="program\setup.h" />
    <ClInclude Include="search\analysisdata.h" />
    <ClInclude Include="search\asyncbot.h" />
    <ClInclude Include="search\distributiontable.h" />
    <ClInclude Include="search\localpattern.h" />
    <ClInclude Include="search\mutexpool.h" />
    <ClInclude Include="search\patternbonustable.h" />
    <ClInclude Include="search\reportedsearchvalues.h" />
    <ClInclude Include="search\search.h" />
    <ClInclude Include="search\searchnode.h" />
    <ClInclude Include="search\searchnodetable.h" />
    <ClInclude Include="search\searchparams.h" />
    <ClInclude Include="search\searchprint.h" />
    <ClInclude Include="search\subtreevaluebiastable.h" />
    <ClInclude Include="search\timecontrols.h" />
    <ClInclude Include="tests\tests.h" />
    <ClInclude Include="tests\testsearchcommon.h" />
    <ClInclude Include="tests\tinymodel.h" />
    <ClInclude Include="main.h" />
  </ItemGroup>
</Project>