<?xml version="1.0" encoding="utf-8"?>
<Project ToolsVersion="17.0" xmlns="http://schemas.microsoft.com/developer/msbuild/2003">
  <ItemGroup>
    <ClCompile Include="D:\! HPC\KataGo (original)\cpp\core\global.cpp">
      <Filter>Source Files</Filter>
    </ClCompile>
    <ClCompile Include="D:\! HPC\KataGo (original)\cpp\core\base64.cpp">
      <Filter>Source Files</Filter>
    </ClCompile>
    <ClCompile Include="D:\! HPC\KataGo (original)\cpp\core\bsearch.cpp">
      <Filter>Source Files</Filter>
    </ClCompile>
    <ClCompile Include="D:\! HPC\KataGo (original)\cpp\core\commandloop.cpp">
      <Filter>Source Files</Filter>
    </ClCompile>
    <ClCompile Include="D:\! HPC\KataGo (original)\cpp\core\config_parser.cpp">
      <Filter>Source Files</Filter>
    </ClCompile>
    <ClCompile Include="D:\! HPC\KataGo (original)\cpp\core\datetime.cpp">
      <Filter>Source Files</Filter>
    </ClCompile>
    <ClCompile Include="D:\! HPC\KataGo (original)\cpp\core\elo.cpp">
      <Filter>Source Files</Filter>
    </ClCompile>
    <ClCompile Include="D:\! HPC\KataGo (original)\cpp\core\fancymath.cpp">
      <Filter>Source Files</Filter>
    </ClCompile>
    <ClCompile Include="D:\! HPC\KataGo (original)\cpp\core\fileutils.cpp">
      <Filter>Source Files</Filter>
    </ClCompile>
    <ClCompile Include="D:\! HPC\KataGo (original)\cpp\core\hash.cpp">
      <Filter>Source Files</Filter>
    </ClCompile>
    <ClCompile Include="D:\! HPC\KataGo (original)\cpp\core\logger.cpp">
      <Filter>Source Files</Filter>
    </ClCompile>
    <ClCompile Include="D:\! HPC\KataGo (original)\cpp\core\mainargs.cpp">
      <Filter>Source Files</Filter>
    </ClCompile>
    <ClCompile Include="D:\! HPC\KataGo (original)\cpp\core\makedir.cpp">
      <Filter>Source Files</Filter>
    </ClCompile>
    <ClCompile Include="D:\! HPC\KataGo (original)\cpp\core\md5.cpp">
      <Filter>Source Files</Filter>
    </ClCompile>
    <ClCompile Include="D:\! HPC\KataGo (original)\cpp\core\multithread.cpp">
      <Filter>Source Files</Filter>
    </ClCompile>
    <ClCompile Include="D:\! HPC\KataGo (original)\cpp\core\rand.cpp">
      <Filter>Source Files</Filter>
    </ClCompile>
    <ClCompile Include="D:\! HPC\KataGo (original)\cpp\core\rand_helpers.cpp">
      <Filter>Source Files</Filter>
    </ClCompile>
    <ClCompile Include="D:\! HPC\KataGo (original)\cpp\core\sha2.cpp">
      <Filter>Source Files</Filter>
    </ClCompile>
    <ClCompile Include="D:\! HPC\KataGo (original)\cpp\core\test.cpp">
      <Filter>Source Files</Filter>
    </ClCompile>
    <ClCompile Include="D:\! HPC\KataGo (original)\cpp\core\threadsafecounter.cpp">
      <Filter>Source Files</Filter>
    </ClCompile>
    <ClCompile Include="D:\! HPC\KataGo (original)\cpp\core\threadsafequeue.cpp">
      <Filter>Source Files</Filter>
    </ClCompile>
    <ClCompile Include="D:\! HPC\KataGo (original)\cpp\core\threadtest.cpp">
      <Filter>Source Files</Filter>
    </ClCompile>
    <ClCompile Include="D:\! HPC\KataGo (original)\cpp\core\timer.cpp">
      <Filter>Source Files</Filter>
    </ClCompile>
    <ClCompile Include="D:\! HPC\KataGo (original)\cpp\game\board.cpp">
      <Filter>Source Files</Filter>
    </ClCompile>
    <ClCompile Include="D:\! HPC\KataGo (original)\cpp\game\rules.cpp">
      <Filter>Source Files</Filter>
    </ClCompile>
    <ClCompile Include="D:\! HPC\KataGo (original)\cpp\game\boardhistory.cpp">
      <Filter>Source Files</Filter>
    </ClCompile>
    <ClCompile Include="D:\! HPC\KataGo (original)\cpp\game\graphhash.cpp">
      <Filter>Source Files</Filter>
    </ClCompile>
    <ClCompile Include="D:\! HPC\KataGo (original)\cpp\dataio\sgf.cpp">
      <Filter>Source Files</Filter>
    </ClCompile>
    <ClCompile Include="D:\! HPC\KataGo (original)\cpp\dataio\numpywrite.cpp">
      <Filter>Source Files</Filter>
    </ClCompile>
    <ClCompile Include="D:\! HPC\KataGo (original)\cpp\dataio\poswriter.cpp">
      <Filter>Source Files</Filter>
    </ClCompile>
    <ClCompile Include="D:\! HPC\KataGo (original)\cpp\dataio\trainingwrite.cpp">
      <Filter>Source Files</Filter>
    </ClCompile>
    <ClCompile Include="D:\! HPC\KataGo (original)\cpp\dataio\loadmodel.cpp">
      <Filter>Source Files</Filter>
    </ClCompile>
    <ClCompile Include="D:\! HPC\KataGo (original)\cpp\dataio\homedata.cpp">
      <Filter>Source Files</Filter>
    </ClCompile>
    <ClCompile Include="D:\! HPC\KataGo (original)\cpp\dataio\files.cpp">
      <Filter>Source Files</Filter>
    </ClCompile>
    <ClCompile Include="D:\! HPC\KataGo (original)\cpp\neuralnet\nninputs.cpp">
      <Filter>Source Files</Filter>
    </ClCompile>
    <ClCompile Include="D:\! HPC\KataGo (original)\cpp\neuralnet\modelversion.cpp">
      <Filter>Source Files</Filter>
    </ClCompile>
    <ClCompile Include="D:\! HPC\KataGo (original)\cpp\neuralnet\nneval.cpp">
      <Filter>Source Files</Filter>
    </ClCompile>
    <ClCompile Include="D:\! HPC\KataGo (original)\cpp\neuralnet\desc.cpp">
      <Filter>Source Files</Filter>
    </ClCompile>
    <ClCompile Include="D:\! HPC\KataGo (original)\cpp\neuralnet\cudabackend.cpp">
      <Filter>Source Files</Filter>
    </ClCompile>
    <ClCompile Include="D:\! HPC\KataGo (original)\cpp\neuralnet\cudautils.cpp">
      <Filter>Source Files</Filter>
    </ClCompile>
    <ClCompile Include="D:\! HPC\KataGo (original)\cpp\book\book.cpp">
      <Filter>Source Files</Filter>
    </ClCompile>
    <ClCompile Include="D:\! HPC\KataGo (original)\cpp\book\bookcssjs.cpp">
      <Filter>Source Files</Filter>
    </ClCompile>
    <ClCompile Include="D:\! HPC\KataGo (original)\cpp\search\timecontrols.cpp">
      <Filter>Source Files</Filter>
    </ClCompile>
    <ClCompile Include="D:\! HPC\KataGo (original)\cpp\search\searchparams.cpp">
      <Filter>Source Files</Filter>
    </ClCompile>
    <ClCompile Include="D:\! HPC\KataGo (original)\cpp\search\mutexpool.cpp">
      <Filter>Source Files</Filter>
    </ClCompile>
    <ClCompile Include="D:\! HPC\KataGo (original)\cpp\search\search.cpp">
      <Filter>Source Files</Filter>
    </ClCompile>
    <ClCompile Include="D:\! HPC\KataGo (original)\cpp\search\searchnode.cpp">
      <Filter>Source Files</Filter>
    </ClCompile>
    <ClCompile Include="D:\! HPC\KataGo (original)\cpp\search\searchresults.cpp">
      <Filter>Source Files</Filter>
    </ClCompile>
    <ClCompile Include="D:\! HPC\KataGo (original)\cpp\search\searchhelpers.cpp">
      <Filter>Source Files</Filter>
    </ClCompile>
    <ClCompile Include="D:\! HPC\KataGo (original)\cpp\search\searchexplorehelpers.cpp">
      <Filter>Source Files</Filter>
    </ClCompile>
    <ClCompile Include="D:\! HPC\KataGo (original)\cpp\search\searchmirror.cpp">
      <Filter>Source Files</Filter>
    </ClCompile>
    <ClCompile Include="D:\! HPC\KataGo (original)\cpp\search\searchmultithreadhelpers.cpp">
      <Filter>Source Files</Filter>
    </ClCompile>
    <ClCompile Include="D:\! HPC\KataGo (original)\cpp\search\searchnnhelpers.cpp">
      <Filter>Source Files</Filter>
    </ClCompile>
    <ClCompile Include="D:\! HPC\KataGo (original)\cpp\search\searchtimehelpers.cpp">
      <Filter>Source Files</Filter>
    </ClCompile>
    <ClCompile Include="D:\! HPC\KataGo (original)\cpp\search\searchupdatehelpers.cpp">
      <Filter>Source Files</Filter>
    </ClCompile>
    <ClCompile Include="D:\! HPC\KataGo (original)\cpp\search\asyncbot.cpp">
      <Filter>Source Files</Filter>
    </ClCompile>
    <ClCompile Include="D:\! HPC\KataGo (original)\cpp\search\distributiontable.cpp">
      <Filter>Source Files</Filter>
    </ClCompile>
    <ClCompile Include="D:\! HPC\KataGo (original)\cpp\search\localpattern.cpp">
      <Filter>Source Files</Filter>
    </ClCompile>
    <ClCompile Include="D:\! HPC\KataGo (original)\cpp\search\searchnodetable.cpp">
      <Filter>Source Files</Filter>
    </ClCompile>
    <ClCompile Include="D:\! HPC\KataGo (original)\cpp\search\subtreevaluebiastable.cpp">
      <Filter>Source Files</Filter>
    </ClCompile>
    <ClCompile Include="D:\! HPC\KataGo (original)\cpp\search\patternbonustable.cpp">
      <Filter>Source Files</Filter>
    </ClCompile>
    <ClCompile Include="D:\! HPC\KataGo (original)\cpp\search\analysisdata.cpp">
      <Filter>Source Files</Filter>
    </ClCompile>
    <ClCompile Include="D:\! HPC\KataGo (original)\cpp\search\reportedsearchvalues.cpp">
      <Filter>Source Files</Filter>
    </ClCompile>
    <ClCompile Include="D:\! HPC\KataGo (original)\cpp\program\gtpconfig.cpp">
      <Filter>Source Files</Filter>
    </ClCompile>
    <ClCompile Include="D:\! HPC\KataGo (original)\cpp\program\setup.cpp">
      <Filter>Source Files</Filter>
    </ClCompile>
    <ClCompile Include="D:\! HPC\KataGo (original)\cpp\program\playutils.cpp">
      <Filter>Source Files</Filter>
    </ClCompile>
    <ClCompile Include="D:\! HPC\KataGo (original)\cpp\program\playsettings.cpp">
      <Filter>Source Files</Filter>
    </ClCompile>
    <ClCompile Include="D:\! HPC\KataGo (original)\cpp\program\play.cpp">
      <Filter>Source Files</Filter>
    </ClCompile>
    <ClCompile Include="D:\! HPC\KataGo (original)\cpp\program\selfplaymanager.cpp">
      <Filter>Source Files</Filter>
    </ClCompile>
    <ClCompile Include="D:\! HPC\KataGo (original)\cpp\tests\testboardarea.cpp">
      <Filter>Source Files</Filter>
    </ClCompile>
    <ClCompile Include="D:\! HPC\KataGo (original)\cpp\tests\testboardbasic.cpp">
      <Filter>Source Files</Filter>
    </ClCompile>
    <ClCompile Include="D:\! HPC\KataGo (original)\cpp\tests\testbook.cpp">
      <Filter>Source Files</Filter>
    </ClCompile>
    <ClCompile Include="D:\! HPC\KataGo (original)\cpp\tests\testcommon.cpp">
      <Filter>Source Files</Filter>
    </ClCompile>
    <ClCompile Include="D:\! HPC\KataGo (original)\cpp\tests\testconfig.cpp">
      <Filter>Source Files</Filter>
    </ClCompile>
    <ClCompile Include="D:\! HPC\KataGo (original)\cpp\tests\testmisc.cpp">
      <Filter>Source Files</Filter>
    </ClCompile>
    <ClCompile Include="D:\! HPC\KataGo (original)\cpp\tests\testnnevalcanary.cpp">
      <Filter>Source Files</Filter>
    </ClCompile>
    <ClCompile Include="D:\! HPC\KataGo (original)\cpp\tests\testrules.cpp">
      <Filter>Source Files</Filter>
    </ClCompile>
    <ClCompile Include="D:\! HPC\KataGo (original)\cpp\tests\testscore.cpp">
      <Filter>Source Files</Filter>
    </ClCompile>
    <ClCompile Include="D:\! HPC\KataGo (original)\cpp\tests\testsgf.cpp">
      <Filter>Source Files</Filter>
    </ClCompile>
    <ClCompile Include="D:\! HPC\KataGo (original)\cpp\tests\testsymmetries.cpp">
      <Filter>Source Files</Filter>
    </ClCompile>
    <ClCompile Include="D:\! HPC\KataGo (original)\cpp\tests\testnninputs.cpp">
      <Filter>Source Files</Filter>
    </ClCompile>
    <ClCompile Include="D:\! HPC\KataGo (original)\cpp\tests\testownership.cpp">
      <Filter>Source Files</Filter>
    </ClCompile>
    <ClCompile Include="D:\! HPC\KataGo (original)\cpp\tests\testsearchcommon.cpp">
      <Filter>Source Files</Filter>
    </ClCompile>
    <ClCompile Include="D:\! HPC\KataGo (original)\cpp\tests\testsearchnonn.cpp">
      <Filter>Source Files</Filter>
    </ClCompile>
    <ClCompile Include="D:\! HPC\KataGo (original)\cpp\tests\testsearch.cpp">
      <Filter>Source Files</Filter>
    </ClCompile>
    <ClCompile Include="D:\! HPC\KataGo (original)\cpp\tests\testsearchv3.cpp">
      <Filter>Source Files</Filter>
    </ClCompile>
    <ClCompile Include="D:\! HPC\KataGo (original)\cpp\tests\testsearchv8.cpp">
      <Filter>Source Files</Filter>
    </ClCompile>
    <ClCompile Include="D:\! HPC\KataGo (original)\cpp\tests\testsearchv9.cpp">
      <Filter>Source Files</Filter>
    </ClCompile>
    <ClCompile Include="D:\! HPC\KataGo (original)\cpp\tests\testsearchmisc.cpp">
      <Filter>Source Files</Filter>
    </ClCompile>
    <ClCompile Include="D:\! HPC\KataGo (original)\cpp\tests\testtime.cpp">
      <Filter>Source Files</Filter>
    </ClCompile>
    <ClCompile Include="D:\! HPC\KataGo (original)\cpp\tests\testtrainingwrite.cpp">
      <Filter>Source Files</Filter>
    </ClCompile>
    <ClCompile Include="D:\! HPC\KataGo (original)\cpp\tests\testnn.cpp">
      <Filter>Source Files</Filter>
    </ClCompile>
    <ClCompile Include="D:\! HPC\KataGo (original)\cpp\tests\tinymodel.cpp">
      <Filter>Source Files</Filter>
    </ClCompile>
    <ClCompile Include="D:\! HPC\KataGo (original)\cpp\tests\tinymodeldata.cpp">
      <Filter>Source Files</Filter>
    </ClCompile>
    <ClCompile Include="D:\! HPC\KataGo (original)\cpp\distributed\client.cpp">
      <Filter>Source Files</Filter>
    </ClCompile>
    <ClCompile Include="D:\! HPC\KataGo (original)\cpp\command\commandline.cpp">
      <Filter>Source Files</Filter>
    </ClCompile>
    <ClCompile Include="D:\! HPC\KataGo (original)\cpp\command\analysis.cpp">
      <Filter>Source Files</Filter>
    </ClCompile>
    <ClCompile Include="D:\! HPC\KataGo (original)\cpp\command\benchmark.cpp">
      <Filter>Source Files</Filter>
    </ClCompile>
    <ClCompile Include="D:\! HPC\KataGo (original)\cpp\command\contribute.cpp">
      <Filter>Source Files</Filter>
    </ClCompile>
    <ClCompile Include="D:\! HPC\KataGo (original)\cpp\command\evalsgf.cpp">
      <Filter>Source Files</Filter>
    </ClCompile>
    <ClCompile Include="D:\! HPC\KataGo (original)\cpp\command\gatekeeper.cpp">
      <Filter>Source Files</Filter>
    </ClCompile>
    <ClCompile Include="D:\! HPC\KataGo (original)\cpp\command\genbook.cpp">
      <Filter>Source Files</Filter>
    </ClCompile>
    <ClCompile Include="D:\! HPC\KataGo (original)\cpp\command\gputest.cpp">
      <Filter>Source Files</Filter>
    </ClCompile>
    <ClCompile Include="D:\! HPC\KataGo (original)\cpp\command\gtp.cpp">
      <Filter>Source Files</Filter>
    </ClCompile>
    <ClCompile Include="D:\! HPC\KataGo (original)\cpp\command\match.cpp">
      <Filter>Source Files</Filter>
    </ClCompile>
    <ClCompile Include="D:\! HPC\KataGo (original)\cpp\command\matchauto.cpp">
      <Filter>Source Files</Filter>
    </ClCompile>
    <ClCompile Include="D:\! HPC\KataGo (original)\cpp\command\misc.cpp">
      <Filter>Source Files</Filter>
    </ClCompile>
    <ClCompile Include="D:\! HPC\KataGo (original)\cpp\command\runtests.cpp">
      <Filter>Source Files</Filter>
    </ClCompile>
    <ClCompile Include="D:\! HPC\KataGo (original)\cpp\command\sandbox.cpp">
      <Filter>Source Files</Filter>
    </ClCompile>
    <ClCompile Include="D:\! HPC\KataGo (original)\cpp\command\selfplay.cpp">
      <Filter>Source Files</Filter>
    </ClCompile>
    <ClCompile Include="D:\! HPC\KataGo (original)\cpp\command\tune.cpp">
      <Filter>Source Files</Filter>
    </ClCompile>
    <ClCompile Include="D:\! HPC\KataGo (original)\cpp\main.cpp">
      <Filter>Source Files</Filter>
    </ClCompile>
  </ItemGroup>
  <ItemGroup>
    <CudaCompile Include="neuralnet\cudahelpers.cu">
      <Filter>Source Files</Filter>
    </CudaCompile>
  </ItemGroup>
  <ItemGroup>
    <CustomBuild Include="D:\! HPC\KataGo (original)\cpp\CMakeLists.txt" />
  </ItemGroup>
  <ItemGroup>
    <Filter Include="Source Files">
      <UniqueIdentifier>{7FCC3CE4-C9CB-3BB3-ACC8-FCF4D948714D}</UniqueIdentifier>
    </Filter>
  </ItemGroup>
</Project>
